// !$*UTF8*$!
{
	archiveVersion = 1;
	classes = {
	};
	objectVersion = 56;
	objects = {

/* Begin PBXBuildFile section */
		AB5D81C729ED74200070A495 /* AfricaApp.swift in Sources */ = {isa = PBXBuildFile; fileRef = AB5D81C629ED74200070A495 /* AfricaApp.swift */; };
		AB5D81C929ED74200070A495 /* ContentView.swift in Sources */ = {isa = PBXBuildFile; fileRef = AB5D81C829ED74200070A495 /* ContentView.swift */; };
		AB5D81CB29ED74220070A495 /* Assets.xcassets in Resources */ = {isa = PBXBuildFile; fileRef = AB5D81CA29ED74220070A495 /* Assets.xcassets */; };
		AB5D81CE29ED74220070A495 /* Preview Assets.xcassets in Resources */ = {isa = PBXBuildFile; fileRef = AB5D81CD29ED74220070A495 /* Preview Assets.xcassets */; };
		AB5D81E429ED7A080070A495 /* covers.json in Resources */ = {isa = PBXBuildFile; fileRef = AB5D81E029ED7A080070A495 /* covers.json */; };
		AB5D81E529ED7A080070A495 /* animals.json in Resources */ = {isa = PBXBuildFile; fileRef = AB5D81E129ED7A080070A495 /* animals.json */; };
		AB5D81E629ED7A080070A495 /* locations.json in Resources */ = {isa = PBXBuildFile; fileRef = AB5D81E229ED7A080070A495 /* locations.json */; };
		AB5D81E729ED7A080070A495 /* videos.json in Resources */ = {isa = PBXBuildFile; fileRef = AB5D81E329ED7A080070A495 /* videos.json */; };
		AB5D81EB29ED7DCF0070A495 /* VideoListView.swift in Sources */ = {isa = PBXBuildFile; fileRef = AB5D81EA29ED7DCF0070A495 /* VideoListView.swift */; };
		AB5D81ED29ED7E270070A495 /* MapView.swift in Sources */ = {isa = PBXBuildFile; fileRef = AB5D81EC29ED7E270070A495 /* MapView.swift */; };
		AB5D81EF29ED7E780070A495 /* GalleryView.swift in Sources */ = {isa = PBXBuildFile; fileRef = AB5D81EE29ED7E780070A495 /* GalleryView.swift */; };
		AB5D81F129ED7EC30070A495 /* MainView.swift in Sources */ = {isa = PBXBuildFile; fileRef = AB5D81F029ED7EC30070A495 /* MainView.swift */; };
		AB5D81F429ED95E20070A495 /* CoverImageView.swift in Sources */ = {isa = PBXBuildFile; fileRef = AB5D81F329ED95E20070A495 /* CoverImageView.swift */; };
		AB5D81F729ED9A3C0070A495 /* CoverImageModel.swift in Sources */ = {isa = PBXBuildFile; fileRef = AB5D81F629ED9A3C0070A495 /* CoverImageModel.swift */; };
		AB5D81FA29ED9D550070A495 /* CodableBundleExtension.swift in Sources */ = {isa = PBXBuildFile; fileRef = AB5D81F929ED9D550070A495 /* CodableBundleExtension.swift */; };
		AB5D81FC29F179750070A495 /* AnimalListItemView.swift in Sources */ = {isa = PBXBuildFile; fileRef = AB5D81FB29F179750070A495 /* AnimalListItemView.swift */; };
		AB5D81FE29F17CC10070A495 /* AnimalModel.swift in Sources */ = {isa = PBXBuildFile; fileRef = AB5D81FD29F17CC10070A495 /* AnimalModel.swift */; };
		AB5D820029F279B60070A495 /* AnimalDetailView.swift in Sources */ = {isa = PBXBuildFile; fileRef = AB5D81FF29F279B60070A495 /* AnimalDetailView.swift */; };
		AB5D820229F27E940070A495 /* HeadingView.swift in Sources */ = {isa = PBXBuildFile; fileRef = AB5D820129F27E940070A495 /* HeadingView.swift */; };
		AB5D820429F280E20070A495 /* InsetGalleryView.swift in Sources */ = {isa = PBXBuildFile; fileRef = AB5D820329F280E20070A495 /* InsetGalleryView.swift */; };
		AB5D820629F2D8940070A495 /* InsetFactView.swift in Sources */ = {isa = PBXBuildFile; fileRef = AB5D820529F2D8940070A495 /* InsetFactView.swift */; };
		AB5D820829F2DD440070A495 /* InsetMapView.swift in Sources */ = {isa = PBXBuildFile; fileRef = AB5D820729F2DD440070A495 /* InsetMapView.swift */; };
		AB5D820A29F2E2980070A495 /* ExternalWeblinkView.swift in Sources */ = {isa = PBXBuildFile; fileRef = AB5D820929F2E2980070A495 /* ExternalWeblinkView.swift */; };
		AB5D820C29F6C88D0070A495 /* VideoModel.swift in Sources */ = {isa = PBXBuildFile; fileRef = AB5D820B29F6C88D0070A495 /* VideoModel.swift */; };
		AB5D820E29F6C9650070A495 /* VideoListItemView.swift in Sources */ = {isa = PBXBuildFile; fileRef = AB5D820D29F6C9650070A495 /* VideoListItemView.swift */; };
		AB5D821029F7E8DF0070A495 /* VideoPlayerView.swift in Sources */ = {isa = PBXBuildFile; fileRef = AB5D820F29F7E8DF0070A495 /* VideoPlayerView.swift */; };
		AB5D821329F7EBAD0070A495 /* VideoPlayerHelper.swift in Sources */ = {isa = PBXBuildFile; fileRef = AB5D821229F7EBAD0070A495 /* VideoPlayerHelper.swift */; };
		AB5D821429F8170C0070A495 /* cheetah.mp4 in Resources */ = {isa = PBXBuildFile; fileRef = AB5D81DA29ED79790070A495 /* cheetah.mp4 */; };
		AB5D821529F8170C0070A495 /* elephant.mp4 in Resources */ = {isa = PBXBuildFile; fileRef = AB5D81DC29ED79790070A495 /* elephant.mp4 */; };
		AB5D821629F8170C0070A495 /* giraffe.mp4 in Resources */ = {isa = PBXBuildFile; fileRef = AB5D81DD29ED79790070A495 /* giraffe.mp4 */; };
		AB5D821729F8170C0070A495 /* gorilla.mp4 in Resources */ = {isa = PBXBuildFile; fileRef = AB5D81D729ED79790070A495 /* gorilla.mp4 */; };
		AB5D821829F8170C0070A495 /* hippo.mp4 in Resources */ = {isa = PBXBuildFile; fileRef = AB5D81DB29ED79790070A495 /* hippo.mp4 */; };
		AB5D821929F8170C0070A495 /* lion.mp4 in Resources */ = {isa = PBXBuildFile; fileRef = AB5D81DE29ED79790070A495 /* lion.mp4 */; };
		AB5D821A29F8170C0070A495 /* lioness.mp4 in Resources */ = {isa = PBXBuildFile; fileRef = AB5D81D529ED79790070A495 /* lioness.mp4 */; };
		AB5D821B29F8170C0070A495 /* ostrich.mp4 in Resources */ = {isa = PBXBuildFile; fileRef = AB5D81D629ED79790070A495 /* ostrich.mp4 */; };
		AB5D821C29F8170C0070A495 /* rhino.mp4 in Resources */ = {isa = PBXBuildFile; fileRef = AB5D81D929ED79790070A495 /* rhino.mp4 */; };
		AB5D821D29F8170C0070A495 /* zebra.mp4 in Resources */ = {isa = PBXBuildFile; fileRef = AB5D81D829ED79790070A495 /* zebra.mp4 */; };
		AB5D821F29F930D10070A495 /* LocationModel.swift in Sources */ = {isa = PBXBuildFile; fileRef = AB5D821E29F930D10070A495 /* LocationModel.swift */; };
		AB5D822129F93AEB0070A495 /* MapAnnotationView.swift in Sources */ = {isa = PBXBuildFile; fileRef = AB5D822029F93AEB0070A495 /* MapAnnotationView.swift */; };
		AB6424032A0157D7002FEFB1 /* AnimalGridItemView.swift in Sources */ = {isa = PBXBuildFile; fileRef = AB6424022A0157D7002FEFB1 /* AnimalGridItemView.swift */; };
		AB64240B2A029312002FEFB1 /* Stickers.xcassets in Resources */ = {isa = PBXBuildFile; fileRef = AB64240A2A029312002FEFB1 /* Stickers.xcassets */; };
		AB6424102A029312002FEFB1 /* Stickers.appex in Embed Foundation Extensions */ = {isa = PBXBuildFile; fileRef = AB6424082A029311002FEFB1 /* Stickers.appex */; platformFilter = ios; settings = {ATTRIBUTES = (RemoveHeadersOnCopy, ); }; };
		AB6424152A029695002FEFB1 /* CreditsView.swift in Sources */ = {isa = PBXBuildFile; fileRef = AB6424142A029695002FEFB1 /* CreditsView.swift */; };
		AB6424182A029A79002FEFB1 /* CenterModifier.swift in Sources */ = {isa = PBXBuildFile; fileRef = AB6424172A029A79002FEFB1 /* CenterModifier.swift */; };
		AB8844BD2A0127F100D481CE /* MotionAnimationView.swift in Sources */ = {isa = PBXBuildFile; fileRef = AB8844BC2A0127F100D481CE /* MotionAnimationView.swift */; };
/* End PBXBuildFile section */

/* Begin PBXContainerItemProxy section */
		AB64240D2A029312002FEFB1 /* PBXContainerItemProxy */ = {
			isa = PBXContainerItemProxy;
			containerPortal = AB5D81BB29ED74200070A495 /* Project object */;
			proxyType = 1;
			remoteGlobalIDString = AB6424072A029311002FEFB1;
			remoteInfo = Stickers;
		};
/* End PBXContainerItemProxy section */

/* Begin PBXCopyFilesBuildPhase section */
		AB64240F2A029312002FEFB1 /* Embed Foundation Extensions */ = {
			isa = PBXCopyFilesBuildPhase;
			buildActionMask = 2147483647;
			dstPath = "";
			dstSubfolderSpec = 13;
			files = (
				AB6424102A029312002FEFB1 /* Stickers.appex in Embed Foundation Extensions */,
			);
			name = "Embed Foundation Extensions";
			runOnlyForDeploymentPostprocessing = 0;
		};
/* End PBXCopyFilesBuildPhase section */

/* Begin PBXFileReference section */
		AB5D81C329ED74200070A495 /* Africa.app */ = {isa = PBXFileReference; explicitFileType = wrapper.application; includeInIndex = 0; path = Africa.app; sourceTree = BUILT_PRODUCTS_DIR; };
		AB5D81C629ED74200070A495 /* AfricaApp.swift */ = {isa = PBXFileReference; lastKnownFileType = sourcecode.swift; path = AfricaApp.swift; sourceTree = "<group>"; };
		AB5D81C829ED74200070A495 /* ContentView.swift */ = {isa = PBXFileReference; lastKnownFileType = sourcecode.swift; path = ContentView.swift; sourceTree = "<group>"; };
		AB5D81CA29ED74220070A495 /* Assets.xcassets */ = {isa = PBXFileReference; lastKnownFileType = folder.assetcatalog; path = Assets.xcassets; sourceTree = "<group>"; };
		AB5D81CD29ED74220070A495 /* Preview Assets.xcassets */ = {isa = PBXFileReference; lastKnownFileType = folder.assetcatalog; path = "Preview Assets.xcassets"; sourceTree = "<group>"; };
		AB5D81D529ED79790070A495 /* lioness.mp4 */ = {isa = PBXFileReference; lastKnownFileType = file; path = lioness.mp4; sourceTree = "<group>"; };
		AB5D81D629ED79790070A495 /* ostrich.mp4 */ = {isa = PBXFileReference; lastKnownFileType = file; path = ostrich.mp4; sourceTree = "<group>"; };
		AB5D81D729ED79790070A495 /* gorilla.mp4 */ = {isa = PBXFileReference; lastKnownFileType = file; path = gorilla.mp4; sourceTree = "<group>"; };
		AB5D81D829ED79790070A495 /* zebra.mp4 */ = {isa = PBXFileReference; lastKnownFileType = file; path = zebra.mp4; sourceTree = "<group>"; };
		AB5D81D929ED79790070A495 /* rhino.mp4 */ = {isa = PBXFileReference; lastKnownFileType = file; path = rhino.mp4; sourceTree = "<group>"; };
		AB5D81DA29ED79790070A495 /* cheetah.mp4 */ = {isa = PBXFileReference; lastKnownFileType = file; path = cheetah.mp4; sourceTree = "<group>"; };
		AB5D81DB29ED79790070A495 /* hippo.mp4 */ = {isa = PBXFileReference; lastKnownFileType = file; path = hippo.mp4; sourceTree = "<group>"; };
		AB5D81DC29ED79790070A495 /* elephant.mp4 */ = {isa = PBXFileReference; lastKnownFileType = file; path = elephant.mp4; sourceTree = "<group>"; };
		AB5D81DD29ED79790070A495 /* giraffe.mp4 */ = {isa = PBXFileReference; lastKnownFileType = file; path = giraffe.mp4; sourceTree = "<group>"; };
		AB5D81DE29ED79790070A495 /* lion.mp4 */ = {isa = PBXFileReference; lastKnownFileType = file; path = lion.mp4; sourceTree = "<group>"; };
		AB5D81E029ED7A080070A495 /* covers.json */ = {isa = PBXFileReference; fileEncoding = 4; lastKnownFileType = text.json; path = covers.json; sourceTree = "<group>"; };
		AB5D81E129ED7A080070A495 /* animals.json */ = {isa = PBXFileReference; fileEncoding = 4; lastKnownFileType = text.json; path = animals.json; sourceTree = "<group>"; };
		AB5D81E229ED7A080070A495 /* locations.json */ = {isa = PBXFileReference; fileEncoding = 4; lastKnownFileType = text.json; path = locations.json; sourceTree = "<group>"; };
		AB5D81E329ED7A080070A495 /* videos.json */ = {isa = PBXFileReference; fileEncoding = 4; lastKnownFileType = text.json; path = videos.json; sourceTree = "<group>"; };
		AB5D81E829ED7C1C0070A495 /* Info.plist */ = {isa = PBXFileReference; lastKnownFileType = text.plist; path = Info.plist; sourceTree = "<group>"; };
		AB5D81EA29ED7DCF0070A495 /* VideoListView.swift */ = {isa = PBXFileReference; lastKnownFileType = sourcecode.swift; path = VideoListView.swift; sourceTree = "<group>"; };
		AB5D81EC29ED7E270070A495 /* MapView.swift */ = {isa = PBXFileReference; lastKnownFileType = sourcecode.swift; path = MapView.swift; sourceTree = "<group>"; };
		AB5D81EE29ED7E780070A495 /* GalleryView.swift */ = {isa = PBXFileReference; lastKnownFileType = sourcecode.swift; path = GalleryView.swift; sourceTree = "<group>"; };
		AB5D81F029ED7EC30070A495 /* MainView.swift */ = {isa = PBXFileReference; lastKnownFileType = sourcecode.swift; path = MainView.swift; sourceTree = "<group>"; };
		AB5D81F329ED95E20070A495 /* CoverImageView.swift */ = {isa = PBXFileReference; lastKnownFileType = sourcecode.swift; path = CoverImageView.swift; sourceTree = "<group>"; };
		AB5D81F629ED9A3C0070A495 /* CoverImageModel.swift */ = {isa = PBXFileReference; lastKnownFileType = sourcecode.swift; path = CoverImageModel.swift; sourceTree = "<group>"; };
		AB5D81F929ED9D550070A495 /* CodableBundleExtension.swift */ = {isa = PBXFileReference; lastKnownFileType = sourcecode.swift; path = CodableBundleExtension.swift; sourceTree = "<group>"; };
		AB5D81FB29F179750070A495 /* AnimalListItemView.swift */ = {isa = PBXFileReference; lastKnownFileType = sourcecode.swift; path = AnimalListItemView.swift; sourceTree = "<group>"; };
		AB5D81FD29F17CC10070A495 /* AnimalModel.swift */ = {isa = PBXFileReference; lastKnownFileType = sourcecode.swift; path = AnimalModel.swift; sourceTree = "<group>"; };
		AB5D81FF29F279B60070A495 /* AnimalDetailView.swift */ = {isa = PBXFileReference; lastKnownFileType = sourcecode.swift; path = AnimalDetailView.swift; sourceTree = "<group>"; };
		AB5D820129F27E940070A495 /* HeadingView.swift */ = {isa = PBXFileReference; lastKnownFileType = sourcecode.swift; path = HeadingView.swift; sourceTree = "<group>"; };
		AB5D820329F280E20070A495 /* InsetGalleryView.swift */ = {isa = PBXFileReference; lastKnownFileType = sourcecode.swift; path = InsetGalleryView.swift; sourceTree = "<group>"; };
		AB5D820529F2D8940070A495 /* InsetFactView.swift */ = {isa = PBXFileReference; lastKnownFileType = sourcecode.swift; path = InsetFactView.swift; sourceTree = "<group>"; };
		AB5D820729F2DD440070A495 /* InsetMapView.swift */ = {isa = PBXFileReference; lastKnownFileType = sourcecode.swift; path = InsetMapView.swift; sourceTree = "<group>"; };
		AB5D820929F2E2980070A495 /* ExternalWeblinkView.swift */ = {isa = PBXFileReference; lastKnownFileType = sourcecode.swift; path = ExternalWeblinkView.swift; sourceTree = "<group>"; };
		AB5D820B29F6C88D0070A495 /* VideoModel.swift */ = {isa = PBXFileReference; lastKnownFileType = sourcecode.swift; path = VideoModel.swift; sourceTree = "<group>"; };
		AB5D820D29F6C9650070A495 /* VideoListItemView.swift */ = {isa = PBXFileReference; lastKnownFileType = sourcecode.swift; path = VideoListItemView.swift; sourceTree = "<group>"; };
		AB5D820F29F7E8DF0070A495 /* VideoPlayerView.swift */ = {isa = PBXFileReference; lastKnownFileType = sourcecode.swift; path = VideoPlayerView.swift; sourceTree = "<group>"; };
		AB5D821229F7EBAD0070A495 /* VideoPlayerHelper.swift */ = {isa = PBXFileReference; lastKnownFileType = sourcecode.swift; path = VideoPlayerHelper.swift; sourceTree = "<group>"; };
		AB5D821E29F930D10070A495 /* LocationModel.swift */ = {isa = PBXFileReference; lastKnownFileType = sourcecode.swift; path = LocationModel.swift; sourceTree = "<group>"; };
		AB5D822029F93AEB0070A495 /* MapAnnotationView.swift */ = {isa = PBXFileReference; lastKnownFileType = sourcecode.swift; path = MapAnnotationView.swift; sourceTree = "<group>"; };
		AB6424022A0157D7002FEFB1 /* AnimalGridItemView.swift */ = {isa = PBXFileReference; lastKnownFileType = sourcecode.swift; path = AnimalGridItemView.swift; sourceTree = "<group>"; };
		AB6424082A029311002FEFB1 /* Stickers.appex */ = {isa = PBXFileReference; explicitFileType = "wrapper.app-extension"; includeInIndex = 0; path = Stickers.appex; sourceTree = BUILT_PRODUCTS_DIR; };
		AB64240A2A029312002FEFB1 /* Stickers.xcassets */ = {isa = PBXFileReference; lastKnownFileType = folder.assetcatalog; path = Stickers.xcassets; sourceTree = "<group>"; };
		AB64240C2A029312002FEFB1 /* Info.plist */ = {isa = PBXFileReference; lastKnownFileType = text.plist.xml; path = Info.plist; sourceTree = "<group>"; };
		AB6424142A029695002FEFB1 /* CreditsView.swift */ = {isa = PBXFileReference; lastKnownFileType = sourcecode.swift; path = CreditsView.swift; sourceTree = "<group>"; };
		AB6424172A029A79002FEFB1 /* CenterModifier.swift */ = {isa = PBXFileReference; lastKnownFileType = sourcecode.swift; path = CenterModifier.swift; sourceTree = "<group>"; };
		AB6424192A029E9C002FEFB1 /* Africa.entitlements */ = {isa = PBXFileReference; lastKnownFileType = text.plist.entitlements; path = Africa.entitlements; sourceTree = "<group>"; };
		AB8844BC2A0127F100D481CE /* MotionAnimationView.swift */ = {isa = PBXFileReference; lastKnownFileType = sourcecode.swift; path = MotionAnimationView.swift; sourceTree = "<group>"; };
/* End PBXFileReference section */

/* Begin PBXFrameworksBuildPhase section */
		AB5D81C029ED74200070A495 /* Frameworks */ = {
			isa = PBXFrameworksBuildPhase;
			buildActionMask = 2147483647;
			files = (
			);
			runOnlyForDeploymentPostprocessing = 0;
		};
/* End PBXFrameworksBuildPhase section */

/* Begin PBXGroup section */
		AB5D81BA29ED74200070A495 = {
			isa = PBXGroup;
			children = (
				AB5D81C529ED74200070A495 /* Africa */,
				AB6424092A029311002FEFB1 /* Stickers */,
				AB5D81C429ED74200070A495 /* Products */,
			);
			sourceTree = "<group>";
		};
		AB5D81C429ED74200070A495 /* Products */ = {
			isa = PBXGroup;
			children = (
				AB5D81C329ED74200070A495 /* Africa.app */,
				AB6424082A029311002FEFB1 /* Stickers.appex */,
			);
			name = Products;
			sourceTree = "<group>";
		};
		AB5D81C529ED74200070A495 /* Africa */ = {
			isa = PBXGroup;
			children = (
				AB6424192A029E9C002FEFB1 /* Africa.entitlements */,
				AB6424162A029A4E002FEFB1 /* Modifier */,
				AB5D821129F7EB840070A495 /* Helper */,
				AB5D81F829ED9D1B0070A495 /* Extension */,
				AB5D81F529ED9A080070A495 /* Model */,
				AB5D81F229ED95BF0070A495 /* View */,
				AB5D81E829ED7C1C0070A495 /* Info.plist */,
				AB5D81DF29ED79CF0070A495 /* Data */,
				AB5D81D429ED795E0070A495 /* Video */,
				AB5D81E929ED7D520070A495 /* App */,
				AB5D81CA29ED74220070A495 /* Assets.xcassets */,
				AB5D81CC29ED74220070A495 /* Preview Content */,
			);
			path = Africa;
			sourceTree = "<group>";
		};
		AB5D81CC29ED74220070A495 /* Preview Content */ = {
			isa = PBXGroup;
			children = (
				AB5D81CD29ED74220070A495 /* Preview Assets.xcassets */,
			);
			path = "Preview Content";
			sourceTree = "<group>";
		};
		AB5D81D429ED795E0070A495 /* Video */ = {
			isa = PBXGroup;
			children = (
				AB5D81DA29ED79790070A495 /* cheetah.mp4 */,
				AB5D81DC29ED79790070A495 /* elephant.mp4 */,
				AB5D81DD29ED79790070A495 /* giraffe.mp4 */,
				AB5D81D729ED79790070A495 /* gorilla.mp4 */,
				AB5D81DB29ED79790070A495 /* hippo.mp4 */,
				AB5D81DE29ED79790070A495 /* lion.mp4 */,
				AB5D81D529ED79790070A495 /* lioness.mp4 */,
				AB5D81D629ED79790070A495 /* ostrich.mp4 */,
				AB5D81D929ED79790070A495 /* rhino.mp4 */,
				AB5D81D829ED79790070A495 /* zebra.mp4 */,
			);
			path = Video;
			sourceTree = "<group>";
		};
		AB5D81DF29ED79CF0070A495 /* Data */ = {
			isa = PBXGroup;
			children = (
				AB5D81E129ED7A080070A495 /* animals.json */,
				AB5D81E029ED7A080070A495 /* covers.json */,
				AB5D81E229ED7A080070A495 /* locations.json */,
				AB5D81E329ED7A080070A495 /* videos.json */,
			);
			path = Data;
			sourceTree = "<group>";
		};
		AB5D81E929ED7D520070A495 /* App */ = {
			isa = PBXGroup;
			children = (
				AB5D81C629ED74200070A495 /* AfricaApp.swift */,
				AB5D81C829ED74200070A495 /* ContentView.swift */,
				AB5D81EA29ED7DCF0070A495 /* VideoListView.swift */,
				AB5D81EC29ED7E270070A495 /* MapView.swift */,
				AB5D81EE29ED7E780070A495 /* GalleryView.swift */,
				AB5D81F029ED7EC30070A495 /* MainView.swift */,
			);
			path = App;
			sourceTree = "<group>";
		};
		AB5D81F229ED95BF0070A495 /* View */ = {
			isa = PBXGroup;
			children = (
				AB5D81F329ED95E20070A495 /* CoverImageView.swift */,
				AB5D81FB29F179750070A495 /* AnimalListItemView.swift */,
				AB5D81FF29F279B60070A495 /* AnimalDetailView.swift */,
				AB5D820129F27E940070A495 /* HeadingView.swift */,
				AB5D820329F280E20070A495 /* InsetGalleryView.swift */,
				AB5D820529F2D8940070A495 /* InsetFactView.swift */,
				AB5D820729F2DD440070A495 /* InsetMapView.swift */,
				AB5D820929F2E2980070A495 /* ExternalWeblinkView.swift */,
				AB5D820D29F6C9650070A495 /* VideoListItemView.swift */,
				AB5D820F29F7E8DF0070A495 /* VideoPlayerView.swift */,
				AB5D822029F93AEB0070A495 /* MapAnnotationView.swift */,
				AB8844BC2A0127F100D481CE /* MotionAnimationView.swift */,
				AB6424022A0157D7002FEFB1 /* AnimalGridItemView.swift */,
				AB6424142A029695002FEFB1 /* CreditsView.swift */,
			);
			path = View;
			sourceTree = "<group>";
		};
		AB5D81F529ED9A080070A495 /* Model */ = {
			isa = PBXGroup;
			children = (
				AB5D81F629ED9A3C0070A495 /* CoverImageModel.swift */,
				AB5D81FD29F17CC10070A495 /* AnimalModel.swift */,
				AB5D820B29F6C88D0070A495 /* VideoModel.swift */,
				AB5D821E29F930D10070A495 /* LocationModel.swift */,
			);
			path = Model;
			sourceTree = "<group>";
		};
		AB5D81F829ED9D1B0070A495 /* Extension */ = {
			isa = PBXGroup;
			children = (
				AB5D81F929ED9D550070A495 /* CodableBundleExtension.swift */,
			);
			path = Extension;
			sourceTree = "<group>";
		};
		AB5D821129F7EB840070A495 /* Helper */ = {
			isa = PBXGroup;
			children = (
				AB5D821229F7EBAD0070A495 /* VideoPlayerHelper.swift */,
			);
			path = Helper;
			sourceTree = "<group>";
		};
		AB6424092A029311002FEFB1 /* Stickers */ = {
			isa = PBXGroup;
			children = (
				AB64240A2A029312002FEFB1 /* Stickers.xcassets */,
				AB64240C2A029312002FEFB1 /* Info.plist */,
			);
			path = Stickers;
			sourceTree = "<group>";
		};
		AB6424162A029A4E002FEFB1 /* Modifier */ = {
			isa = PBXGroup;
			children = (
				AB6424172A029A79002FEFB1 /* CenterModifier.swift */,
			);
			path = Modifier;
			sourceTree = "<group>";
		};
/* End PBXGroup section */

/* Begin PBXNativeTarget section */
		AB5D81C229ED74200070A495 /* Africa */ = {
			isa = PBXNativeTarget;
			buildConfigurationList = AB5D81D129ED74220070A495 /* Build configuration list for PBXNativeTarget "Africa" */;
			buildPhases = (
				AB5D81BF29ED74200070A495 /* Sources */,
				AB5D81C029ED74200070A495 /* Frameworks */,
				AB5D81C129ED74200070A495 /* Resources */,
				AB64240F2A029312002FEFB1 /* Embed Foundation Extensions */,
			);
			buildRules = (
			);
			dependencies = (
				AB64240E2A029312002FEFB1 /* PBXTargetDependency */,
			);
			name = Africa;
			productName = Africa;
			productReference = AB5D81C329ED74200070A495 /* Africa.app */;
			productType = "com.apple.product-type.application";
		};
		AB6424072A029311002FEFB1 /* Stickers */ = {
			isa = PBXNativeTarget;
			buildConfigurationList = AB6424112A029312002FEFB1 /* Build configuration list for PBXNativeTarget "Stickers" */;
			buildPhases = (
				AB6424062A029311002FEFB1 /* Resources */,
			);
			buildRules = (
			);
			dependencies = (
			);
			name = Stickers;
			productName = Stickers;
			productReference = AB6424082A029311002FEFB1 /* Stickers.appex */;
			productType = "com.apple.product-type.app-extension.messages-sticker-pack";
		};
/* End PBXNativeTarget section */

/* Begin PBXProject section */
		AB5D81BB29ED74200070A495 /* Project object */ = {
			isa = PBXProject;
			attributes = {
				BuildIndependentTargetsInParallel = 1;
				LastSwiftUpdateCheck = 1430;
				LastUpgradeCheck = 1430;
				TargetAttributes = {
					AB5D81C229ED74200070A495 = {
						CreatedOnToolsVersion = 14.3;
					};
					AB6424072A029311002FEFB1 = {
						CreatedOnToolsVersion = 14.3;
					};
				};
			};
			buildConfigurationList = AB5D81BE29ED74200070A495 /* Build configuration list for PBXProject "Africa" */;
			compatibilityVersion = "Xcode 14.0";
			developmentRegion = en;
			hasScannedForEncodings = 0;
			knownRegions = (
				en,
				Base,
			);
			mainGroup = AB5D81BA29ED74200070A495;
			productRefGroup = AB5D81C429ED74200070A495 /* Products */;
			projectDirPath = "";
			projectRoot = "";
			targets = (
				AB5D81C229ED74200070A495 /* Africa */,
				AB6424072A029311002FEFB1 /* Stickers */,
			);
		};
/* End PBXProject section */

/* Begin PBXResourcesBuildPhase section */
		AB5D81C129ED74200070A495 /* Resources */ = {
			isa = PBXResourcesBuildPhase;
			buildActionMask = 2147483647;
			files = (
				AB5D821429F8170C0070A495 /* cheetah.mp4 in Resources */,
				AB5D821529F8170C0070A495 /* elephant.mp4 in Resources */,
				AB5D821629F8170C0070A495 /* giraffe.mp4 in Resources */,
				AB5D821729F8170C0070A495 /* gorilla.mp4 in Resources */,
				AB5D821829F8170C0070A495 /* hippo.mp4 in Resources */,
				AB5D821929F8170C0070A495 /* lion.mp4 in Resources */,
				AB5D821A29F8170C0070A495 /* lioness.mp4 in Resources */,
				AB5D821B29F8170C0070A495 /* ostrich.mp4 in Resources */,
				AB5D821C29F8170C0070A495 /* rhino.mp4 in Resources */,
				AB5D821D29F8170C0070A495 /* zebra.mp4 in Resources */,
				AB5D81CE29ED74220070A495 /* Preview Assets.xcassets in Resources */,
				AB5D81E529ED7A080070A495 /* animals.json in Resources */,
				AB5D81E629ED7A080070A495 /* locations.json in Resources */,
				AB5D81E429ED7A080070A495 /* covers.json in Resources */,
				AB5D81CB29ED74220070A495 /* Assets.xcassets in Resources */,
				AB5D81E729ED7A080070A495 /* videos.json in Resources */,
			);
			runOnlyForDeploymentPostprocessing = 0;
		};
		AB6424062A029311002FEFB1 /* Resources */ = {
			isa = PBXResourcesBuildPhase;
			buildActionMask = 2147483647;
			files = (
				AB64240B2A029312002FEFB1 /* Stickers.xcassets in Resources */,
			);
			runOnlyForDeploymentPostprocessing = 0;
		};
/* End PBXResourcesBuildPhase section */

/* Begin PBXSourcesBuildPhase section */
		AB5D81BF29ED74200070A495 /* Sources */ = {
			isa = PBXSourcesBuildPhase;
			buildActionMask = 2147483647;
			files = (
				AB5D820A29F2E2980070A495 /* ExternalWeblinkView.swift in Sources */,
				AB5D81C929ED74200070A495 /* ContentView.swift in Sources */,
				AB5D81FC29F179750070A495 /* AnimalListItemView.swift in Sources */,
				AB5D81F129ED7EC30070A495 /* MainView.swift in Sources */,
				AB5D820629F2D8940070A495 /* InsetFactView.swift in Sources */,
				AB5D81F429ED95E20070A495 /* CoverImageView.swift in Sources */,
				AB5D81F729ED9A3C0070A495 /* CoverImageModel.swift in Sources */,
				AB5D820029F279B60070A495 /* AnimalDetailView.swift in Sources */,
				AB5D81FE29F17CC10070A495 /* AnimalModel.swift in Sources */,
				AB5D81ED29ED7E270070A495 /* MapView.swift in Sources */,
				AB5D821329F7EBAD0070A495 /* VideoPlayerHelper.swift in Sources */,
				AB5D820829F2DD440070A495 /* InsetMapView.swift in Sources */,
				AB5D81C729ED74200070A495 /* AfricaApp.swift in Sources */,
				AB5D822129F93AEB0070A495 /* MapAnnotationView.swift in Sources */,
				AB5D81EB29ED7DCF0070A495 /* VideoListView.swift in Sources */,
				AB5D820C29F6C88D0070A495 /* VideoModel.swift in Sources */,
				AB5D81EF29ED7E780070A495 /* GalleryView.swift in Sources */,
				AB5D821F29F930D10070A495 /* LocationModel.swift in Sources */,
				AB6424032A0157D7002FEFB1 /* AnimalGridItemView.swift in Sources */,
				AB5D820429F280E20070A495 /* InsetGalleryView.swift in Sources */,
				AB5D820E29F6C9650070A495 /* VideoListItemView.swift in Sources */,
				AB6424152A029695002FEFB1 /* CreditsView.swift in Sources */,
				AB5D81FA29ED9D550070A495 /* CodableBundleExtension.swift in Sources */,
				AB8844BD2A0127F100D481CE /* MotionAnimationView.swift in Sources */,
				AB6424182A029A79002FEFB1 /* CenterModifier.swift in Sources */,
				AB5D820229F27E940070A495 /* HeadingView.swift in Sources */,
				AB5D821029F7E8DF0070A495 /* VideoPlayerView.swift in Sources */,
			);
			runOnlyForDeploymentPostprocessing = 0;
		};
/* End PBXSourcesBuildPhase section */

/* Begin PBXTargetDependency section */
		AB64240E2A029312002FEFB1 /* PBXTargetDependency */ = {
			isa = PBXTargetDependency;
			platformFilter = ios;
			target = AB6424072A029311002FEFB1 /* Stickers */;
			targetProxy = AB64240D2A029312002FEFB1 /* PBXContainerItemProxy */;
		};
/* End PBXTargetDependency section */

/* Begin XCBuildConfiguration section */
		AB5D81CF29ED74220070A495 /* Debug */ = {
			isa = XCBuildConfiguration;
			buildSettings = {
				ALWAYS_SEARCH_USER_PATHS = NO;
				CLANG_ANALYZER_NONNULL = YES;
				CLANG_ANALYZER_NUMBER_OBJECT_CONVERSION = YES_AGGRESSIVE;
				CLANG_CXX_LANGUAGE_STANDARD = "gnu++20";
				CLANG_ENABLE_MODULES = YES;
				CLANG_ENABLE_OBJC_ARC = YES;
				CLANG_ENABLE_OBJC_WEAK = YES;
				CLANG_WARN_BLOCK_CAPTURE_AUTORELEASING = YES;
				CLANG_WARN_BOOL_CONVERSION = YES;
				CLANG_WARN_COMMA = YES;
				CLANG_WARN_CONSTANT_CONVERSION = YES;
				CLANG_WARN_DEPRECATED_OBJC_IMPLEMENTATIONS = YES;
				CLANG_WARN_DIRECT_OBJC_ISA_USAGE = YES_ERROR;
				CLANG_WARN_DOCUMENTATION_COMMENTS = YES;
				CLANG_WARN_EMPTY_BODY = YES;
				CLANG_WARN_ENUM_CONVERSION = YES;
				CLANG_WARN_INFINITE_RECURSION = YES;
				CLANG_WARN_INT_CONVERSION = YES;
				CLANG_WARN_NON_LITERAL_NULL_CONVERSION = YES;
				CLANG_WARN_OBJC_IMPLICIT_RETAIN_SELF = YES;
				CLANG_WARN_OBJC_LITERAL_CONVERSION = YES;
				CLANG_WARN_OBJC_ROOT_CLASS = YES_ERROR;
				CLANG_WARN_QUOTED_INCLUDE_IN_FRAMEWORK_HEADER = YES;
				CLANG_WARN_RANGE_LOOP_ANALYSIS = YES;
				CLANG_WARN_STRICT_PROTOTYPES = YES;
				CLANG_WARN_SUSPICIOUS_MOVE = YES;
				CLANG_WARN_UNGUARDED_AVAILABILITY = YES_AGGRESSIVE;
				CLANG_WARN_UNREACHABLE_CODE = YES;
				CLANG_WARN__DUPLICATE_METHOD_MATCH = YES;
				COPY_PHASE_STRIP = NO;
				DEBUG_INFORMATION_FORMAT = dwarf;
				ENABLE_STRICT_OBJC_MSGSEND = YES;
				ENABLE_TESTABILITY = YES;
				GCC_C_LANGUAGE_STANDARD = gnu11;
				GCC_DYNAMIC_NO_PIC = NO;
				GCC_NO_COMMON_BLOCKS = YES;
				GCC_OPTIMIZATION_LEVEL = 0;
				GCC_PREPROCESSOR_DEFINITIONS = (
					"DEBUG=1",
					"$(inherited)",
				);
				GCC_WARN_64_TO_32_BIT_CONVERSION = YES;
				GCC_WARN_ABOUT_RETURN_TYPE = YES_ERROR;
				GCC_WARN_UNDECLARED_SELECTOR = YES;
				GCC_WARN_UNINITIALIZED_AUTOS = YES_AGGRESSIVE;
				GCC_WARN_UNUSED_FUNCTION = YES;
				GCC_WARN_UNUSED_VARIABLE = YES;
				IPHONEOS_DEPLOYMENT_TARGET = 16.4;
				MACOSX_DEPLOYMENT_TARGET = 13.3;
				MTL_ENABLE_DEBUG_INFO = INCLUDE_SOURCE;
				MTL_FAST_MATH = YES;
				ONLY_ACTIVE_ARCH = YES;
				SDKROOT = iphoneos;
				SWIFT_ACTIVE_COMPILATION_CONDITIONS = DEBUG;
				SWIFT_OPTIMIZATION_LEVEL = "-Onone";
				VALIDATE_PRODUCT = YES;
			};
			name = Debug;
		};
		AB5D81D029ED74220070A495 /* Release */ = {
			isa = XCBuildConfiguration;
			buildSettings = {
				ALWAYS_SEARCH_USER_PATHS = NO;
				CLANG_ANALYZER_NONNULL = YES;
				CLANG_ANALYZER_NUMBER_OBJECT_CONVERSION = YES_AGGRESSIVE;
				CLANG_CXX_LANGUAGE_STANDARD = "gnu++20";
				CLANG_ENABLE_MODULES = YES;
				CLANG_ENABLE_OBJC_ARC = YES;
				CLANG_ENABLE_OBJC_WEAK = YES;
				CLANG_WARN_BLOCK_CAPTURE_AUTORELEASING = YES;
				CLANG_WARN_BOOL_CONVERSION = YES;
				CLANG_WARN_COMMA = YES;
				CLANG_WARN_CONSTANT_CONVERSION = YES;
				CLANG_WARN_DEPRECATED_OBJC_IMPLEMENTATIONS = YES;
				CLANG_WARN_DIRECT_OBJC_ISA_USAGE = YES_ERROR;
				CLANG_WARN_DOCUMENTATION_COMMENTS = YES;
				CLANG_WARN_EMPTY_BODY = YES;
				CLANG_WARN_ENUM_CONVERSION = YES;
				CLANG_WARN_INFINITE_RECURSION = YES;
				CLANG_WARN_INT_CONVERSION = YES;
				CLANG_WARN_NON_LITERAL_NULL_CONVERSION = YES;
				CLANG_WARN_OBJC_IMPLICIT_RETAIN_SELF = YES;
				CLANG_WARN_OBJC_LITERAL_CONVERSION = YES;
				CLANG_WARN_OBJC_ROOT_CLASS = YES_ERROR;
				CLANG_WARN_QUOTED_INCLUDE_IN_FRAMEWORK_HEADER = YES;
				CLANG_WARN_RANGE_LOOP_ANALYSIS = YES;
				CLANG_WARN_STRICT_PROTOTYPES = YES;
				CLANG_WARN_SUSPICIOUS_MOVE = YES;
				CLANG_WARN_UNGUARDED_AVAILABILITY = YES_AGGRESSIVE;
				CLANG_WARN_UNREACHABLE_CODE = YES;
				CLANG_WARN__DUPLICATE_METHOD_MATCH = YES;
				COPY_PHASE_STRIP = NO;
				DEBUG_INFORMATION_FORMAT = "dwarf-with-dsym";
				ENABLE_NS_ASSERTIONS = NO;
				ENABLE_STRICT_OBJC_MSGSEND = YES;
				GCC_C_LANGUAGE_STANDARD = gnu11;
				GCC_NO_COMMON_BLOCKS = YES;
				GCC_WARN_64_TO_32_BIT_CONVERSION = YES;
				GCC_WARN_ABOUT_RETURN_TYPE = YES_ERROR;
				GCC_WARN_UNDECLARED_SELECTOR = YES;
				GCC_WARN_UNINITIALIZED_AUTOS = YES_AGGRESSIVE;
				GCC_WARN_UNUSED_FUNCTION = YES;
				GCC_WARN_UNUSED_VARIABLE = YES;
				IPHONEOS_DEPLOYMENT_TARGET = 16.4;
				MACOSX_DEPLOYMENT_TARGET = 13.3;
				MTL_ENABLE_DEBUG_INFO = NO;
				MTL_FAST_MATH = YES;
				SDKROOT = iphoneos;
				SWIFT_COMPILATION_MODE = wholemodule;
				SWIFT_OPTIMIZATION_LEVEL = "-O";
				VALIDATE_PRODUCT = YES;
			};
			name = Release;
		};
		AB5D81D229ED74220070A495 /* Debug */ = {
			isa = XCBuildConfiguration;
			buildSettings = {
				ASSETCATALOG_COMPILER_APPICON_NAME = AppIcon;
				ASSETCATALOG_COMPILER_GLOBAL_ACCENT_COLOR_NAME = AccentColor;
				CODE_SIGN_ENTITLEMENTS = Africa/Africa.entitlements;
				"CODE_SIGN_IDENTITY[sdk=macosx*]" = "-";
				CODE_SIGN_STYLE = Automatic;
				CURRENT_PROJECT_VERSION = 1;
				DEVELOPMENT_ASSET_PATHS = "\"Africa/Preview Content\"";
				DEVELOPMENT_TEAM = MV683JV6DD;
				ENABLE_PREVIEWS = YES;
				GENERATE_INFOPLIST_FILE = YES;
				INFOPLIST_FILE = Africa/Info.plist;
				INFOPLIST_KEY_UIApplicationSceneManifest_Generation = YES;
				INFOPLIST_KEY_UIApplicationSupportsIndirectInputEvents = YES;
				INFOPLIST_KEY_UISupportedInterfaceOrientations_iPad = "UIInterfaceOrientationPortrait UIInterfaceOrientationPortraitUpsideDown UIInterfaceOrientationLandscapeLeft UIInterfaceOrientationLandscapeRight";
				INFOPLIST_KEY_UISupportedInterfaceOrientations_iPhone = "UIInterfaceOrientationPortrait UIInterfaceOrientationLandscapeLeft UIInterfaceOrientationLandscapeRight";
				INFOPLIST_KEY_UIUserInterfaceStyle = Dark;
				LD_RUNPATH_SEARCH_PATHS = (
					"$(inherited)",
					"@executable_path/Frameworks",
				);
				MARKETING_VERSION = 1.0;
				PRODUCT_BUNDLE_IDENTIFIER = com.ThomasCreate.Africa;
				PRODUCT_NAME = "$(TARGET_NAME)";
				SUPPORTED_PLATFORMS = "iphoneos iphonesimulator";
				SUPPORTS_MACCATALYST = YES;
				SUPPORTS_MAC_DESIGNED_FOR_IPHONE_IPAD = NO;
				SWIFT_EMIT_LOC_STRINGS = YES;
				SWIFT_VERSION = 5.0;
				TARGETED_DEVICE_FAMILY = "1,2";
			};
			name = Debug;
		};
		AB5D81D329ED74220070A495 /* Release */ = {
			isa = XCBuildConfiguration;
			buildSettings = {
				ASSETCATALOG_COMPILER_APPICON_NAME = AppIcon;
				ASSETCATALOG_COMPILER_GLOBAL_ACCENT_COLOR_NAME = AccentColor;
				CODE_SIGN_ENTITLEMENTS = Africa/Africa.entitlements;
				"CODE_SIGN_IDENTITY[sdk=macosx*]" = "-";
				CODE_SIGN_STYLE = Automatic;
				CURRENT_PROJECT_VERSION = 1;
				DEVELOPMENT_ASSET_PATHS = "\"Africa/Preview Content\"";
				DEVELOPMENT_TEAM = MV683JV6DD;
				ENABLE_PREVIEWS = YES;
				GENERATE_INFOPLIST_FILE = YES;
				INFOPLIST_FILE = Africa/Info.plist;
				INFOPLIST_KEY_UIApplicationSceneManifest_Generation = YES;
				INFOPLIST_KEY_UIApplicationSupportsIndirectInputEvents = YES;
				INFOPLIST_KEY_UISupportedInterfaceOrientations_iPad = "UIInterfaceOrientationPortrait UIInterfaceOrientationPortraitUpsideDown UIInterfaceOrientationLandscapeLeft UIInterfaceOrientationLandscapeRight";
				INFOPLIST_KEY_UISupportedInterfaceOrientations_iPhone = "UIInterfaceOrientationPortrait UIInterfaceOrientationLandscapeLeft UIInterfaceOrientationLandscapeRight";
				INFOPLIST_KEY_UIUserInterfaceStyle = Dark;
				LD_RUNPATH_SEARCH_PATHS = (
					"$(inherited)",
					"@executable_path/Frameworks",
				);
				MARKETING_VERSION = 1.0;
				PRODUCT_BUNDLE_IDENTIFIER = com.ThomasCreate.Africa;
				PRODUCT_NAME = "$(TARGET_NAME)";
				SUPPORTED_PLATFORMS = "iphoneos iphonesimulator";
				SUPPORTS_MACCATALYST = YES;
				SUPPORTS_MAC_DESIGNED_FOR_IPHONE_IPAD = NO;
				SWIFT_EMIT_LOC_STRINGS = YES;
				SWIFT_VERSION = 5.0;
				TARGETED_DEVICE_FAMILY = "1,2";
			};
			name = Release;
		};
		AB6424122A029312002FEFB1 /* Debug */ = {
			isa = XCBuildConfiguration;
			buildSettings = {
				ASSETCATALOG_COMPILER_APPICON_NAME = "iMessage App Icon";
				CODE_SIGN_STYLE = Automatic;
				CURRENT_PROJECT_VERSION = 1;
				DEVELOPMENT_TEAM = MV683JV6DD;
				GENERATE_INFOPLIST_FILE = YES;
				INFOPLIST_FILE = Stickers/Info.plist;
				INFOPLIST_KEY_CFBundleDisplayName = Africa;
				MARKETING_VERSION = 1.0;
				PRODUCT_BUNDLE_IDENTIFIER = com.ThomasCreate.Africa.Stickers;
				PRODUCT_NAME = "$(TARGET_NAME)";
				SKIP_INSTALL = YES;
				SUPPORTS_MACCATALYST = NO;
				SWIFT_EMIT_LOC_STRINGS = YES;
				TARGETED_DEVICE_FAMILY = "1,2";
			};
			name = Debug;
		};
		AB6424132A029312002FEFB1 /* Release */ = {
			isa = XCBuildConfiguration;
			buildSettings = {
				ASSETCATALOG_COMPILER_APPICON_NAME = "iMessage App Icon";
				CODE_SIGN_STYLE = Automatic;
				CURRENT_PROJECT_VERSION = 1;
				DEVELOPMENT_TEAM = MV683JV6DD;
				GENERATE_INFOPLIST_FILE = YES;
				INFOPLIST_FILE = Stickers/Info.plist;
				INFOPLIST_KEY_CFBundleDisplayName = Africa;
				MARKETING_VERSION = 1.0;
				PRODUCT_BUNDLE_IDENTIFIER = com.ThomasCreate.Africa.Stickers;
				PRODUCT_NAME = "$(TARGET_NAME)";
				SKIP_INSTALL = YES;
				SUPPORTS_MACCATALYST = NO;
				SWIFT_EMIT_LOC_STRINGS = YES;
				TARGETED_DEVICE_FAMILY = "1,2";
			};
			name = Release;
		};
/* End XCBuildConfiguration section */

/* Begin XCConfigurationList section */
		AB5D81BE29ED74200070A495 /* Build configuration list for PBXProject "Africa" */ = {
			isa = XCConfigurationList;
			buildConfigurations = (
				AB5D81CF29ED74220070A495 /* Debug */,
				AB5D81D029ED74220070A495 /* Release */,
			);
			defaultConfigurationIsVisible = 0;
			defaultConfigurationName = Release;
		};
		AB5D81D129ED74220070A495 /* Build configuration list for PBXNativeTarget "Africa" */ = {
			isa = XCConfigurationList;
			buildConfigurations = (
				AB5D81D229ED74220070A495 /* Debug */,
				AB5D81D329ED74220070A495 /* Release */,
			);
			defaultConfigurationIsVisible = 0;
			defaultConfigurationName = Release;
		};
		AB6424112A029312002FEFB1 /* Build configuration list for PBXNativeTarget "Stickers" */ = {
			isa = XCConfigurationList;
			buildConfigurations = (
				AB6424122A029312002FEFB1 /* Debug */,
				AB6424132A029312002FEFB1 /* Release */,
			);
			defaultConfigurationIsVisible = 0;
			defaultConfigurationName = Release;
		};
/* End XCConfigurationList section */
	};
	rootObject = AB5D81BB29ED74200070A495 /* Project object */;
}
